
Microsoft Visual Studio Solution File, Format Version 12.00
# Visual Studio 2013
VisualStudioVersion = 12.0.40629.0
MinimumVisualStudioVersion = 10.0.40219.1
Project("{2150E333-8FDC-42A3-9474-1A3956D46DE8}") = "MT", "MT", "{9E2DB041-4ED1-4632-836E-24F56838661B}"
EndProject
Project("{2150E333-8FDC-42A3-9474-1A3956D46DE8}") = "PT", "PT", "{F54BB61C-F737-420C-91B6-30F3FA511624}"
EndProject
Project("{2150E333-8FDC-42A3-9474-1A3956D46DE8}") = ".nuget", ".nuget", "{C26C4EF4-9FFD-47A5-A0B3-6CD75B4B92FF}"
	ProjectSection(SolutionItems) = preProject
		.nuget\NuGet.Config = .nuget\NuGet.Config
		.nuget\NuGet.exe = .nuget\NuGet.exe
		.nuget\NuGet.targets = .nuget\NuGet.targets
	EndProjectSection
EndProject
Project("{FAE04EC0-301F-11D3-BF4B-00C04F79EFBC}") = "QST.ERP.Domain", "QST.ERP.Domain\QST.ERP.Domain.csproj", "{F578C032-4EFB-4F14-9475-03D200509D02}"
EndProject
Project("{FAE04EC0-301F-11D3-BF4B-00C04F79EFBC}") = "QST.ERP.DAL", "QST.ERP.DAL\QST.ERP.DAL.csproj", "{083E4821-33F6-40E6-9976-DF209B22F49A}"
EndProject
Project("{FAE04EC0-301F-11D3-BF4B-00C04F79EFBC}") = "QST.ERP.Services", "QST.ERP.Services\QST.ERP.Services.csproj", "{33312E24-4EE3-447B-B4E8-E2537C21EEF1}"
EndProject
Project("{FAE04EC0-301F-11D3-BF4B-00C04F79EFBC}") = "QST.ERP.ngClient", "QST.ERP.ngClient\QST.ERP.ngClient.csproj", "{2F45C199-0606-4594-A76A-A68917788EBB}"
EndProject
Project("{FAE04EC0-301F-11D3-BF4B-00C04F79EFBC}") = "QST.ERP.ngClient.Tests", "QST.ERP.ngClient.Tests\QST.ERP.ngClient.Tests.csproj", "{FE5A2704-F135-4B5B-9953-DB44E0BE7D0B}"
EndProject
Project("{FAE04EC0-301F-11D3-BF4B-00C04F79EFBC}") = "QST.ERP.Services.Tests", "QST.ERP.Services.Tests\QST.ERP.Services.Tests.csproj", "{01827CD7-C5F1-4A4B-9B71-FB64369066C7}"
EndProject
Global
	GlobalSection(SolutionConfigurationPlatforms) = preSolution
		Debug|Any CPU = Debug|Any CPU
		Release|Any CPU = Release|Any CPU
	EndGlobalSection
	GlobalSection(ProjectConfigurationPlatforms) = postSolution
		{F578C032-4EFB-4F14-9475-03D200509D02}.Debug|Any CPU.ActiveCfg = Debug|Any CPU
		{F578C032-4EFB-4F14-9475-03D200509D02}.Debug|Any CPU.Build.0 = Debug|Any CPU
		{F578C032-4EFB-4F14-9475-03D200509D02}.Release|Any CPU.ActiveCfg = Release|Any CPU
		{F578C032-4EFB-4F14-9475-03D200509D02}.Release|Any CPU.Build.0 = Release|Any CPU
		{083E4821-33F6-40E6-9976-DF209B22F49A}.Debug|Any CPU.ActiveCfg = Debug|Any CPU
		{083E4821-33F6-40E6-9976-DF209B22F49A}.Debug|Any CPU.Build.0 = Debug|Any CPU
		{083E4821-33F6-40E6-9976-DF209B22F49A}.Release|Any CPU.ActiveCfg = Release|Any CPU
		{083E4821-33F6-40E6-9976-DF209B22F49A}.Release|Any CPU.Build.0 = Release|Any CPU
		{33312E24-4EE3-447B-B4E8-E2537C21EEF1}.Debug|Any CPU.ActiveCfg = Debug|Any CPU
		{33312E24-4EE3-447B-B4E8-E2537C21EEF1}.Debug|Any CPU.Build.0 = Debug|Any CPU
		{33312E24-4EE3-447B-B4E8-E2537C21EEF1}.Release|Any CPU.ActiveCfg = Release|Any CPU
		{33312E24-4EE3-447B-B4E8-E2537C21EEF1}.Release|Any CPU.Build.0 = Release|Any CPU
		{2F45C199-0606-4594-A76A-A68917788EBB}.Debug|Any CPU.ActiveCfg = Debug|Any CPU
		{2F45C199-0606-4594-A76A-A68917788EBB}.Debug|Any CPU.Build.0 = Debug|Any CPU
		{2F45C199-0606-4594-A76A-A68917788EBB}.Release|Any CPU.ActiveCfg = Release|Any CPU
		{2F45C199-0606-4594-A76A-A68917788EBB}.Release|Any CPU.Build.0 = Release|Any CPU
		{FE5A2704-F135-4B5B-9953-DB44E0BE7D0B}.Debug|Any CPU.ActiveCfg = Debug|Any CPU
		{FE5A2704-F135-4B5B-9953-DB44E0BE7D0B}.Debug|Any CPU.Build.0 = Debug|Any CPU
		{FE5A2704-F135-4B5B-9953-DB44E0BE7D0B}.Release|Any CPU.ActiveCfg = Release|Any CPU
		{FE5A2704-F135-4B5B-9953-DB44E0BE7D0B}.Release|Any CPU.Build.0 = Release|Any CPU
		{01827CD7-C5F1-4A4B-9B71-FB64369066C7}.Debug|Any CPU.ActiveCfg = Debug|Any CPU
		{01827CD7-C5F1-4A4B-9B71-FB64369066C7}.Debug|Any CPU.Build.0 = Debug|Any CPU
		{01827CD7-C5F1-4A4B-9B71-FB64369066C7}.Release|Any CPU.ActiveCfg = Release|Any CPU
		{01827CD7-C5F1-4A4B-9B71-FB64369066C7}.Release|Any CPU.Build.0 = Release|Any CPU
	EndGlobalSection
	GlobalSection(SolutionProperties) = preSolution
		HideSolutionNode = FALSE
	EndGlobalSection
	GlobalSection(NestedProjects) = preSolution
		{F578C032-4EFB-4F14-9475-03D200509D02} = {9E2DB041-4ED1-4632-836E-24F56838661B}
		{083E4821-33F6-40E6-9976-DF209B22F49A} = {9E2DB041-4ED1-4632-836E-24F56838661B}
		{33312E24-4EE3-447B-B4E8-E2537C21EEF1} = {9E2DB041-4ED1-4632-836E-24F56838661B}
		{2F45C199-0606-4594-A76A-A68917788EBB} = {F54BB61C-F737-420C-91B6-30F3FA511624}
		{FE5A2704-F135-4B5B-9953-DB44E0BE7D0B} = {F54BB61C-F737-420C-91B6-30F3FA511624}
		{01827CD7-C5F1-4A4B-9B71-FB64369066C7} = {F54BB61C-F737-420C-91B6-30F3FA511624}
	EndGlobalSection
EndGlobal
